{
  "name": "common-sandbox",
  "lockfileVersion": 3,
  "requires": true,
  "packages": {
    "": {
      "dependencies": {
        "@scottish-government/design-system": "^3.0.0"
      }
    },
    "node_modules/@scottish-government/design-system": {
      "version": "3.0.0",
      "resolved": "https://registry.npmjs.org/@scottish-government/design-system/-/design-system-3.0.0.tgz",
      "integrity": "sha512-bJbpDZqdU+6WlhqyDiz+gPPWMZjvjaIIXB9Oy47Rej+zaJsNpe2UeFWQ4MA3154VYwoMQiAWNvW4LWFL1ZwdAQ==",
      "license": "MIT"
    }
  }
}
